
Microsoft Visual Studio Solution File, Format Version 12.00
# Visual Studio Version 16
VisualStudioVersion = 16.0.28803.452
MinimumVisualStudioVersion = 10.0.40219.1
Project("{FAE04EC0-301F-11D3-BF4B-00C04F79EFBC}") = "UrlToXMLTask", "UrlToXMLTask\UrlToXMLTask.csproj", "{502E77AC-7554-4ECA-89F2-1AE727B8A8D0}"
EndProject
Project("{FAE04EC0-301F-11D3-BF4B-00C04F79EFBC}") = "UI", "UI\UI.csproj", "{042315C1-9802-4BB0-AF45-DD9E29D633DA}"
EndProject
Global
	GlobalSection(SolutionConfigurationPlatforms) = preSolution
		Debug|Any CPU = Debug|Any CPU
		Release|Any CPU = Release|Any CPU
	EndGlobalSection
	GlobalSection(ProjectConfigurationPlatforms) = postSolution
		{502E77AC-7554-4ECA-89F2-1AE727B8A8D0}.Debug|Any CPU.ActiveCfg = Debug|Any CPU
		{502E77AC-7554-4ECA-89F2-1AE727B8A8D0}.Debug|Any CPU.Build.0 = Debug|Any CPU
		{502E77AC-7554-4ECA-89F2-1AE727B8A8D0}.Release|Any CPU.ActiveCfg = Release|Any CPU
		{502E77AC-7554-4ECA-89F2-1AE727B8A8D0}.Release|Any CPU.Build.0 = Release|Any CPU
		{042315C1-9802-4BB0-AF45-DD9E29D633DA}.Debug|Any CPU.ActiveCfg = Debug|Any CPU
		{042315C1-9802-4BB0-AF45-DD9E29D633DA}.Debug|Any CPU.Build.0 = Debug|Any CPU
		{042315C1-9802-4BB0-AF45-DD9E29D633DA}.Release|Any CPU.ActiveCfg = Release|Any CPU
		{042315C1-9802-4BB0-AF45-DD9E29D633DA}.Release|Any CPU.Build.0 = Release|Any CPU
	EndGlobalSection
	GlobalSection(SolutionProperties) = preSolution
		HideSolutionNode = FALSE
	EndGlobalSection
	GlobalSection(ExtensibilityGlobals) = postSolution
		SolutionGuid = {5FEC5977-9F94-467D-A1F4-A0585CE829F2}
	EndGlobalSection
EndGlobal
